// !$*UTF8*$!
{
	archiveVersion = 1;
	classes = {
	};
	objectVersion = 77;
	objects = {

/* Begin PBXBuildFile section */
		D975DA762F80878F00972F0F /* Kingfisher in Frameworks */ = {isa = PBXBuildFile; productRef = D975DA752F80878F00972F0F /* Kingfisher */; };
		D9E4DA402F7771270009A999 /* AppCore in Frameworks */ = {isa = PBXBuildFile; productRef = D9E4DA422F7771270009A999 /* AppCore */; };
		D9E4DA412F7771270009A999 /* Models in Frameworks */ = {isa = PBXBuildFile; productRef = D9E4DA432F7771270009A999 /* Models */; };
/* End PBXBuildFile section */

/* Begin PBXContainerItemProxy section */
		D9E4DA162F7771260009A999 /* PBXContainerItemProxy */ = {
			isa = PBXContainerItemProxy;
			containerPortal = D9E4D9FE2F7771250009A999 /* Project object */;
			proxyType = 1;
			remoteGlobalIDString = D9E4DA052F7771250009A999;
			remoteInfo = MusicDiscovery;
		};
		D9E4DA202F7771260009A999 /* PBXContainerItemProxy */ = {
			isa = PBXContainerItemProxy;
			containerPortal = D9E4D9FE2F7771250009A999 /* Project object */;
			proxyType = 1;
			remoteGlobalIDString = D9E4DA052F7771250009A999;
			remoteInfo = MusicDiscovery;
		};
/* End PBXContainerItemProxy section */

/* Begin PBXFileReference section */
		D9E4DA062F7771250009A999 /* MusicDiscovery.app */ = {isa = PBXFileReference; explicitFileType = wrapper.application; includeInIndex = 0; path = MusicDiscovery.app; sourceTree = BUILT_PRODUCTS_DIR; };
		D9E4DA152F7771260009A999 /* MusicDiscoveryTests.xctest */ = {isa = PBXFileReference; explicitFileType = wrapper.cfbundle; includeInIndex = 0; path = MusicDiscoveryTests.xctest; sourceTree = BUILT_PRODUCTS_DIR; };
		D9E4DA1F2F7771260009A999 /* MusicDiscoveryUITests.xctest */ = {isa = PBXFileReference; explicitFileType = wrapper.cfbundle; includeInIndex = 0; path = MusicDiscoveryUITests.xctest; sourceTree = BUILT_PRODUCTS_DIR; };
/* End PBXFileReference section */

/* Begin PBXFileSystemSynchronizedRootGroup section */
		D9E4DA082F7771250009A999 /* App */ = {
			isa = PBXFileSystemSynchronizedRootGroup;
			path = App;
			sourceTree = "<group>";
		};
		D9E4DA182F7771260009A999 /* AppTests */ = {
			isa = PBXFileSystemSynchronizedRootGroup;
			path = AppTests;
			sourceTree = "<group>";
		};
		D9E4DA222F7771260009A999 /* AppUITests */ = {
			isa = PBXFileSystemSynchronizedRootGroup;
			path = AppUITests;
			sourceTree = "<group>";
		};
/* End PBXFileSystemSynchronizedRootGroup section */

/* Begin PBXFrameworksBuildPhase section */
		D9E4DA032F7771250009A999 /* Frameworks */ = {
			isa = PBXFrameworksBuildPhase;
			buildActionMask = 2147483647;
			files = (
				D975DA762F80878F00972F0F /* Kingfisher in Frameworks */,
				D9E4DA402F7771270009A999 /* AppCore in Frameworks */,
				D9E4DA412F7771270009A999 /* Models in Frameworks */,
			);
			runOnlyForDeploymentPostprocessing = 0;
		};
		D9E4DA122F7771260009A999 /* Frameworks */ = {
			isa = PBXFrameworksBuildPhase;
			buildActionMask = 2147483647;
			files = (
			);
			runOnlyForDeploymentPostprocessing = 0;
		};
		D9E4DA1C2F7771260009A999 /* Frameworks */ = {
			isa = PBXFrameworksBuildPhase;
			buildActionMask = 2147483647;
			files = (
			);
			runOnlyForDeploymentPostprocessing = 0;
		};
/* End PBXFrameworksBuildPhase section */

/* Begin PBXGroup section */
		D9E4D9FD2F7771250009A999 = {
			isa = PBXGroup;
			children = (
				D9E4DA082F7771250009A999 /* App */,
				D9E4DA182F7771260009A999 /* AppTests */,
				D9E4DA222F7771260009A999 /* AppUITests */,
				D9E4DA072F7771250009A999 /* Products */,
			);
			sourceTree = "<group>";
		};
		D9E4DA072F7771250009A999 /* Products */ = {
			isa = PBXGroup;
			children = (
				D9E4DA062F7771250009A999 /* MusicDiscovery.app */,
				D9E4DA152F7771260009A999 /* MusicDiscoveryTests.xctest */,
				D9E4DA1F2F7771260009A999 /* MusicDiscoveryUITests.xctest */,
			);
			name = Products;
			sourceTree = "<group>";
		};
/* End PBXGroup section */

/* Begin PBXNativeTarget section */
		D9E4DA052F7771250009A999 /* MusicDiscovery */ = {
			isa = PBXNativeTarget;
			buildConfigurationList = D9E4DA292F7771260009A999 /* Build configuration list for PBXNativeTarget "MusicDiscovery" */;
			buildPhases = (
				D9E4DA022F7771250009A999 /* Sources */,
				D9E4DA032F7771250009A999 /* Frameworks */,
				D9E4DA042F7771250009A999 /* Resources */,
			);
			buildRules = (
			);
			dependencies = (
				D975DA732F80554800972F0F /* PBXTargetDependency */,
			);
			fileSystemSynchronizedGroups = (
				D9E4DA082F7771250009A999 /* App */,
			);
			name = MusicDiscovery;
			packageProductDependencies = (
				D9E4DA422F7771270009A999 /* AppCore */,
				D9E4DA432F7771270009A999 /* Models */,
				D975DA752F80878F00972F0F /* Kingfisher */,
			);
			productName = MusicDiscovery;
			productReference = D9E4DA062F7771250009A999 /* MusicDiscovery.app */;
			productType = "com.apple.product-type.application";
		};
		D9E4DA142F7771260009A999 /* MusicDiscoveryTests */ = {
			isa = PBXNativeTarget;
			buildConfigurationList = D9E4DA2C2F7771260009A999 /* Build configuration list for PBXNativeTarget "MusicDiscoveryTests" */;
			buildPhases = (
				D9E4DA112F7771260009A999 /* Sources */,
				D9E4DA122F7771260009A999 /* Frameworks */,
				D9E4DA132F7771260009A999 /* Resources */,
			);
			buildRules = (
			);
			dependencies = (
				D9E4DA172F7771260009A999 /* PBXTargetDependency */,
			);
			fileSystemSynchronizedGroups = (
				D9E4DA182F7771260009A999 /* AppTests */,
			);
			name = MusicDiscoveryTests;
			packageProductDependencies = (
			);
			productName = MusicDiscoveryTests;
			productReference = D9E4DA152F7771260009A999 /* MusicDiscoveryTests.xctest */;
			productType = "com.apple.product-type.bundle.unit-test";
		};
		D9E4DA1E2F7771260009A999 /* MusicDiscoveryUITests */ = {
			isa = PBXNativeTarget;
			buildConfigurationList = D9E4DA2F2F7771260009A999 /* Build configuration list for PBXNativeTarget "MusicDiscoveryUITests" */;
			buildPhases = (
				D9E4DA1B2F7771260009A999 /* Sources */,
				D9E4DA1C2F7771260009A999 /* Frameworks */,
				D9E4DA1D2F7771260009A999 /* Resources */,
			);
			buildRules = (
			);
			dependencies = (
				D9E4DA212F7771260009A999 /* PBXTargetDependency */,
			);
			fileSystemSynchronizedGroups = (
				D9E4DA222F7771260009A999 /* AppUITests */,
			);
			name = MusicDiscoveryUITests;
			packageProductDependencies = (
			);
			productName = MusicDiscoveryUITests;
			productReference = D9E4DA1F2F7771260009A999 /* MusicDiscoveryUITests.xctest */;
			productType = "com.apple.product-type.bundle.ui-testing";
		};
/* End PBXNativeTarget section */

/* Begin PBXProject section */
		D9E4D9FE2F7771250009A999 /* Project object */ = {
			isa = PBXProject;
			attributes = {
				BuildIndependentTargetsInParallel = 1;
				LastSwiftUpdateCheck = 2630;
				LastUpgradeCheck = 2630;
				TargetAttributes = {
					D9E4DA052F7771250009A999 = {
						CreatedOnToolsVersion = 26.3;
					};
					D9E4DA142F7771260009A999 = {
						CreatedOnToolsVersion = 26.3;
						TestTargetID = D9E4DA052F7771250009A999;
					};
					D9E4DA1E2F7771260009A999 = {
						CreatedOnToolsVersion = 26.3;
						TestTargetID = D9E4DA052F7771250009A999;
					};
				};
			};
			buildConfigurationList = D9E4DA012F7771250009A999 /* Build configuration list for PBXProject "MusicDiscovery" */;
			developmentRegion = en;
			hasScannedForEncodings = 0;
			knownRegions = (
				en,
				Base,
			);
			mainGroup = D9E4D9FD2F7771250009A999;
			minimizedProjectReferenceProxies = 1;
			packageReferences = (
				D975DA712F80552200972F0F /* XCRemoteSwiftPackageReference "SwiftLintPlugins" */,
				D975DA742F80878F00972F0F /* XCRemoteSwiftPackageReference "Kingfisher" */,
			);
			preferredProjectObjectVersion = 77;
			productRefGroup = D9E4DA072F7771250009A999 /* Products */;
			projectDirPath = "";
			projectRoot = "";
			targets = (
				D9E4DA052F7771250009A999 /* MusicDiscovery */,
				D9E4DA142F7771260009A999 /* MusicDiscoveryTests */,
				D9E4DA1E2F7771260009A999 /* MusicDiscoveryUITests */,
			);
		};
/* End PBXProject section */

/* Begin PBXResourcesBuildPhase section */
		D9E4DA042F7771250009A999 /* Resources */ = {
			isa = PBXResourcesBuildPhase;
			buildActionMask = 2147483647;
			files = (
			);
			runOnlyForDeploymentPostprocessing = 0;
		};
		D9E4DA132F7771260009A999 /* Resources */ = {
			isa = PBXResourcesBuildPhase;
			buildActionMask = 2147483647;
			files = (
			);
			runOnlyForDeploymentPostprocessing = 0;
		};
		D9E4DA1D2F7771260009A999 /* Resources */ = {
			isa = PBXResourcesBuildPhase;
			buildActionMask = 2147483647;
			files = (
			);
			runOnlyForDeploymentPostprocessing = 0;
		};
/* End PBXResourcesBuildPhase section */

/* Begin PBXSourcesBuildPhase section */
		D9E4DA022F7771250009A999 /* Sources */ = {
			isa = PBXSourcesBuildPhase;
			buildActionMask = 2147483647;
			files = (
			);
			runOnlyForDeploymentPostprocessing = 0;
		};
		D9E4DA112F7771260009A999 /* Sources */ = {
			isa = PBXSourcesBuildPhase;
			buildActionMask = 2147483647;
			files = (
			);
			runOnlyForDeploymentPostprocessing = 0;
		};
		D9E4DA1B2F7771260009A999 /* Sources */ = {
			isa = PBXSourcesBuildPhase;
			buildActionMask = 2147483647;
			files = (
			);
			runOnlyForDeploymentPostprocessing = 0;
		};
/* End PBXSourcesBuildPhase section */

/* Begin PBXTargetDependency section */
		D975DA732F80554800972F0F /* PBXTargetDependency */ = {
			isa = PBXTargetDependency;
			productRef = D975DA722F80554800972F0F /* SwiftLintBuildToolPlugin */;
		};
		D9E4DA172F7771260009A999 /* PBXTargetDependency */ = {
			isa = PBXTargetDependency;
			target = D9E4DA052F7771250009A999 /* MusicDiscovery */;
			targetProxy = D9E4DA162F7771260009A999 /* PBXContainerItemProxy */;
		};
		D9E4DA212F7771260009A999 /* PBXTargetDependency */ = {
			isa = PBXTargetDependency;
			target = D9E4DA052F7771250009A999 /* MusicDiscovery */;
			targetProxy = D9E4DA202F7771260009A999 /* PBXContainerItemProxy */;
		};
/* End PBXTargetDependency section */

/* Begin XCBuildConfiguration section */
		D9E4DA272F7771260009A999 /* Debug */ = {
			isa = XCBuildConfiguration;
			buildSettings = {
				ALWAYS_SEARCH_USER_PATHS = NO;
				ASSETCATALOG_COMPILER_GENERATE_SWIFT_ASSET_SYMBOL_EXTENSIONS = YES;
				CLANG_ANALYZER_NONNULL = YES;
				CLANG_ANALYZER_NUMBER_OBJECT_CONVERSION = YES_AGGRESSIVE;
				CLANG_CXX_LANGUAGE_STANDARD = "gnu++20";
				CLANG_ENABLE_MODULES = YES;
				CLANG_ENABLE_OBJC_ARC = YES;
				CLANG_ENABLE_OBJC_WEAK = YES;
				CLANG_WARN_BLOCK_CAPTURE_AUTORELEASING = YES;
				CLANG_WARN_BOOL_CONVERSION = YES;
				CLANG_WARN_COMMA = YES;
				CLANG_WARN_CONSTANT_CONVERSION = YES;
				CLANG_WARN_DEPRECATED_OBJC_IMPLEMENTATIONS = YES;
				CLANG_WARN_DIRECT_OBJC_ISA_USAGE = YES_ERROR;
				CLANG_WARN_DOCUMENTATION_COMMENTS = YES;
				CLANG_WARN_EMPTY_BODY = YES;
				CLANG_WARN_ENUM_CONVERSION = YES;
				CLANG_WARN_INFINITE_RECURSION = YES;
				CLANG_WARN_INT_CONVERSION = YES;
				CLANG_WARN_NON_LITERAL_NULL_CONVERSION = YES;
				CLANG_WARN_OBJC_IMPLICIT_RETAIN_SELF = YES;
				CLANG_WARN_OBJC_LITERAL_CONVERSION = YES;
				CLANG_WARN_OBJC_ROOT_CLASS = YES_ERROR;
				CLANG_WARN_QUOTED_INCLUDE_IN_FRAMEWORK_HEADER = YES;
				CLANG_WARN_RANGE_LOOP_ANALYSIS = YES;
				CLANG_WARN_STRICT_PROTOTYPES = YES;
				CLANG_WARN_SUSPICIOUS_MOVE = YES;
				CLANG_WARN_UNGUARDED_AVAILABILITY = YES_AGGRESSIVE;
				CLANG_WARN_UNREACHABLE_CODE = YES;
				CLANG_WARN__DUPLICATE_METHOD_MATCH = YES;
				COPY_PHASE_STRIP = NO;
				DEBUG_INFORMATION_FORMAT = dwarf;
				DEVELOPMENT_TEAM = MQRRG9G4R7;
				ENABLE_STRICT_OBJC_MSGSEND = YES;
				ENABLE_TESTABILITY = YES;
				ENABLE_USER_SCRIPT_SANDBOXING = YES;
				GCC_C_LANGUAGE_STANDARD = gnu17;
				GCC_DYNAMIC_NO_PIC = NO;
				GCC_NO_COMMON_BLOCKS = YES;
				GCC_OPTIMIZATION_LEVEL = 0;
				GCC_PREPROCESSOR_DEFINITIONS = (
					"DEBUG=1",
					"$(inherited)",
				);
				GCC_WARN_64_TO_32_BIT_CONVERSION = YES;
				GCC_WARN_ABOUT_RETURN_TYPE = YES_ERROR;
				GCC_WARN_UNDECLARED_SELECTOR = YES;
				GCC_WARN_UNINITIALIZED_AUTOS = YES_AGGRESSIVE;
				GCC_WARN_UNUSED_FUNCTION = YES;
				GCC_WARN_UNUSED_VARIABLE = YES;
				IPHONEOS_DEPLOYMENT_TARGET = 26.2;
				LOCALIZATION_PREFERS_STRING_CATALOGS = YES;
				MTL_ENABLE_DEBUG_INFO = INCLUDE_SOURCE;
				MTL_FAST_MATH = YES;
				ONLY_ACTIVE_ARCH = YES;
				SDKROOT = iphoneos;
				SWIFT_ACTIVE_COMPILATION_CONDITIONS = "DEBUG $(inherited)";
				SWIFT_EMIT_LOC_STRINGS = YES;
				SWIFT_OPTIMIZATION_LEVEL = "-Onone";
				SWIFT_VERSION = 6.0;
			};
			name = Debug;
		};
		D9E4DA282F7771260009A999 /* Release */ = {
			isa = XCBuildConfiguration;
			buildSettings = {
				ALWAYS_SEARCH_USER_PATHS = NO;
				ASSETCATALOG_COMPILER_GENERATE_SWIFT_ASSET_SYMBOL_EXTENSIONS = YES;
				CLANG_ANALYZER_NONNULL = YES;
				CLANG_ANALYZER_NUMBER_OBJECT_CONVERSION = YES_AGGRESSIVE;
				CLANG_CXX_LANGUAGE_STANDARD = "gnu++20";
				CLANG_ENABLE_MODULES = YES;
				CLANG_ENABLE_OBJC_ARC = YES;
				CLANG_ENABLE_OBJC_WEAK = YES;
				CLANG_WARN_BLOCK_CAPTURE_AUTORELEASING = YES;
				CLANG_WARN_BOOL_CONVERSION = YES;
				CLANG_WARN_COMMA = YES;
				CLANG_WARN_CONSTANT_CONVERSION = YES;
				CLANG_WARN_DEPRECATED_OBJC_IMPLEMENTATIONS = YES;
				CLANG_WARN_DIRECT_OBJC_ISA_USAGE = YES_ERROR;
				CLANG_WARN_DOCUMENTATION_COMMENTS = YES;
				CLANG_WARN_EMPTY_BODY = YES;
				CLANG_WARN_ENUM_CONVERSION = YES;
				CLANG_WARN_INFINITE_RECURSION = YES;
				CLANG_WARN_INT_CONVERSION = YES;
				CLANG_WARN_NON_LITERAL_NULL_CONVERSION = YES;
				CLANG_WARN_OBJC_IMPLICIT_RETAIN_SELF = YES;
				CLANG_WARN_OBJC_LITERAL_CONVERSION = YES;
				CLANG_WARN_OBJC_ROOT_CLASS = YES_ERROR;
				CLANG_WARN_QUOTED_INCLUDE_IN_FRAMEWORK_HEADER = YES;
				CLANG_WARN_RANGE_LOOP_ANALYSIS = YES;
				CLANG_WARN_STRICT_PROTOTYPES = YES;
				CLANG_WARN_SUSPICIOUS_MOVE = YES;
				CLANG_WARN_UNGUARDED_AVAILABILITY = YES_AGGRESSIVE;
				CLANG_WARN_UNREACHABLE_CODE = YES;
				CLANG_WARN__DUPLICATE_METHOD_MATCH = YES;
				COPY_PHASE_STRIP = NO;
				DEBUG_INFORMATION_FORMAT = "dwarf-with-dsym";
				DEVELOPMENT_TEAM = MQRRG9G4R7;
				ENABLE_NS_ASSERTIONS = NO;
				ENABLE_STRICT_OBJC_MSGSEND = YES;
				ENABLE_USER_SCRIPT_SANDBOXING = YES;
				GCC_C_LANGUAGE_STANDARD = gnu17;
				GCC_NO_COMMON_BLOCKS = YES;
				GCC_WARN_64_TO_32_BIT_CONVERSION = YES;
				GCC_WARN_ABOUT_RETURN_TYPE = YES_ERROR;
				GCC_WARN_UNDECLARED_SELECTOR = YES;
				GCC_WARN_UNINITIALIZED_AUTOS = YES_AGGRESSIVE;
				GCC_WARN_UNUSED_FUNCTION = YES;
				GCC_WARN_UNUSED_VARIABLE = YES;
				IPHONEOS_DEPLOYMENT_TARGET = 26.2;
				LOCALIZATION_PREFERS_STRING_CATALOGS = YES;
				MTL_ENABLE_DEBUG_INFO = NO;
				MTL_FAST_MATH = YES;
				SDKROOT = iphoneos;
				SWIFT_COMPILATION_MODE = wholemodule;
				SWIFT_EMIT_LOC_STRINGS = YES;
				SWIFT_VERSION = 6.0;
				VALIDATE_PRODUCT = YES;
			};
			name = Release;
		};
		D9E4DA2A2F7771260009A999 /* Debug */ = {
			isa = XCBuildConfiguration;
			buildSettings = {
				ASSETCATALOG_COMPILER_APPICON_NAME = AppIcon;
				ASSETCATALOG_COMPILER_GLOBAL_ACCENT_COLOR_NAME = AccentColor;
				CODE_SIGN_STYLE = Automatic;
				CURRENT_PROJECT_VERSION = 1;
				ENABLE_PREVIEWS = YES;
				GENERATE_INFOPLIST_FILE = YES;
				INFOPLIST_FILE = Info.plist;
				INFOPLIST_KEY_UIApplicationSceneManifest_Generation = YES;
				INFOPLIST_KEY_UIApplicationSupportsIndirectInputEvents = YES;
				INFOPLIST_KEY_UILaunchScreen_Generation = YES;
				INFOPLIST_KEY_UISupportedInterfaceOrientations_iPad = "UIInterfaceOrientationPortrait UIInterfaceOrientationPortraitUpsideDown UIInterfaceOrientationLandscapeLeft UIInterfaceOrientationLandscapeRight";
				INFOPLIST_KEY_UISupportedInterfaceOrientations_iPhone = "UIInterfaceOrientationPortrait UIInterfaceOrientationLandscapeLeft UIInterfaceOrientationLandscapeRight";
				LD_RUNPATH_SEARCH_PATHS = (
					"$(inherited)",
					"@executable_path/Frameworks",
				);
				MARKETING_VERSION = 1.0;
				PRODUCT_BUNDLE_IDENTIFIER = com.diogot.utilities.MusicDiscovery;
				PRODUCT_NAME = "$(TARGET_NAME)";
				STRING_CATALOG_GENERATE_SYMBOLS = YES;
				SWIFT_EMIT_LOC_STRINGS = YES;
				SWIFT_UPCOMING_FEATURE_MEMBER_IMPORT_VISIBILITY = YES;
				TARGETED_DEVICE_FAMILY = "1,2";
			};
			name = Debug;
		};
		D9E4DA2B2F7771260009A999 /* Release */ = {
			isa = XCBuildConfiguration;
			buildSettings = {
				ASSETCATALOG_COMPILER_APPICON_NAME = AppIcon;
				ASSETCATALOG_COMPILER_GLOBAL_ACCENT_COLOR_NAME = AccentColor;
				CODE_SIGN_STYLE = Automatic;
				CURRENT_PROJECT_VERSION = 1;
				ENABLE_PREVIEWS = YES;
				GENERATE_INFOPLIST_FILE = YES;
				INFOPLIST_FILE = Info.plist;
				INFOPLIST_KEY_UIApplicationSceneManifest_Generation = YES;
				INFOPLIST_KEY_UIApplicationSupportsIndirectInputEvents = YES;
				INFOPLIST_KEY_UILaunchScreen_Generation = YES;
				INFOPLIST_KEY_UISupportedInterfaceOrientations_iPad = "UIInterfaceOrientationPortrait UIInterfaceOrientationPortraitUpsideDown UIInterfaceOrientationLandscapeLeft UIInterfaceOrientationLandscapeRight";
				INFOPLIST_KEY_UISupportedInterfaceOrientations_iPhone = "UIInterfaceOrientationPortrait UIInterfaceOrientationLandscapeLeft UIInterfaceOrientationLandscapeRight";
				LD_RUNPATH_SEARCH_PATHS = (
					"$(inherited)",
					"@executable_path/Frameworks",
				);
				MARKETING_VERSION = 1.0;
				PRODUCT_BUNDLE_IDENTIFIER = com.diogot.utilities.MusicDiscovery;
				PRODUCT_NAME = "$(TARGET_NAME)";
				STRING_CATALOG_GENERATE_SYMBOLS = YES;
				SWIFT_EMIT_LOC_STRINGS = YES;
				SWIFT_UPCOMING_FEATURE_MEMBER_IMPORT_VISIBILITY = YES;
				TARGETED_DEVICE_FAMILY = "1,2";
			};
			name = Release;
		};
		D9E4DA2D2F7771260009A999 /* Debug */ = {
			isa = XCBuildConfiguration;
			buildSettings = {
				BUNDLE_LOADER = "$(TEST_HOST)";
				CODE_SIGN_STYLE = Automatic;
				CURRENT_PROJECT_VERSION = 1;
				GENERATE_INFOPLIST_FILE = YES;
				MARKETING_VERSION = 1.0;
				PRODUCT_BUNDLE_IDENTIFIER = com.diogot.utilities.MusicDiscoveryTests;
				PRODUCT_NAME = "$(TARGET_NAME)";
				STRING_CATALOG_GENERATE_SYMBOLS = NO;
				SWIFT_EMIT_LOC_STRINGS = NO;
				SWIFT_UPCOMING_FEATURE_MEMBER_IMPORT_VISIBILITY = YES;
				TARGETED_DEVICE_FAMILY = "1,2";
				TEST_HOST = "$(BUILT_PRODUCTS_DIR)/MusicDiscovery.app/$(BUNDLE_EXECUTABLE_FOLDER_PATH)/MusicDiscovery";
			};
			name = Debug;
		};
		D9E4DA2E2F7771260009A999 /* Release */ = {
			isa = XCBuildConfiguration;
			buildSettings = {
				BUNDLE_LOADER = "$(TEST_HOST)";
				CODE_SIGN_STYLE = Automatic;
				CURRENT_PROJECT_VERSION = 1;
				GENERATE_INFOPLIST_FILE = YES;
				MARKETING_VERSION = 1.0;
				PRODUCT_BUNDLE_IDENTIFIER = com.diogot.utilities.MusicDiscoveryTests;
				PRODUCT_NAME = "$(TARGET_NAME)";
				STRING_CATALOG_GENERATE_SYMBOLS = NO;
				SWIFT_EMIT_LOC_STRINGS = NO;
				SWIFT_UPCOMING_FEATURE_MEMBER_IMPORT_VISIBILITY = YES;
				TARGETED_DEVICE_FAMILY = "1,2";
				TEST_HOST = "$(BUILT_PRODUCTS_DIR)/MusicDiscovery.app/$(BUNDLE_EXECUTABLE_FOLDER_PATH)/MusicDiscovery";
			};
			name = Release;
		};
		D9E4DA302F7771260009A999 /* Debug */ = {
			isa = XCBuildConfiguration;
			buildSettings = {
				CODE_SIGN_STYLE = Automatic;
				CURRENT_PROJECT_VERSION = 1;
				GENERATE_INFOPLIST_FILE = YES;
				MARKETING_VERSION = 1.0;
				PRODUCT_BUNDLE_IDENTIFIER = com.diogot.utilities.MusicDiscoveryUITests;
				PRODUCT_NAME = "$(TARGET_NAME)";
				STRING_CATALOG_GENERATE_SYMBOLS = NO;
				SWIFT_EMIT_LOC_STRINGS = NO;
				SWIFT_UPCOMING_FEATURE_MEMBER_IMPORT_VISIBILITY = YES;
				TARGETED_DEVICE_FAMILY = "1,2";
				TEST_TARGET_NAME = MusicDiscovery;
			};
			name = Debug;
		};
		D9E4DA312F7771260009A999 /* Release */ = {
			isa = XCBuildConfiguration;
			buildSettings = {
				CODE_SIGN_STYLE = Automatic;
				CURRENT_PROJECT_VERSION = 1;
				GENERATE_INFOPLIST_FILE = YES;
				MARKETING_VERSION = 1.0;
				PRODUCT_BUNDLE_IDENTIFIER = com.diogot.utilities.MusicDiscoveryUITests;
				PRODUCT_NAME = "$(TARGET_NAME)";
				STRING_CATALOG_GENERATE_SYMBOLS = NO;
				SWIFT_EMIT_LOC_STRINGS = NO;
				SWIFT_UPCOMING_FEATURE_MEMBER_IMPORT_VISIBILITY = YES;
				TARGETED_DEVICE_FAMILY = "1,2";
				TEST_TARGET_NAME = MusicDiscovery;
			};
			name = Release;
		};
/* End XCBuildConfiguration section */

/* Begin XCConfigurationList section */
		D9E4DA012F7771250009A999 /* Build configuration list for PBXProject "MusicDiscovery" */ = {
			isa = XCConfigurationList;
			buildConfigurations = (
				D9E4DA272F7771260009A999 /* Debug */,
				D9E4DA282F7771260009A999 /* Release */,
			);
			defaultConfigurationIsVisible = 0;
			defaultConfigurationName = Release;
		};
		D9E4DA292F7771260009A999 /* Build configuration list for PBXNativeTarget "MusicDiscovery" */ = {
			isa = XCConfigurationList;
			buildConfigurations = (
				D9E4DA2A2F7771260009A999 /* Debug */,
				D9E4DA2B2F7771260009A999 /* Release */,
			);
			defaultConfigurationIsVisible = 0;
			defaultConfigurationName = Release;
		};
		D9E4DA2C2F7771260009A999 /* Build configuration list for PBXNativeTarget "MusicDiscoveryTests" */ = {
			isa = XCConfigurationList;
			buildConfigurations = (
				D9E4DA2D2F7771260009A999 /* Debug */,
				D9E4DA2E2F7771260009A999 /* Release */,
			);
			defaultConfigurationIsVisible = 0;
			defaultConfigurationName = Release;
		};
		D9E4DA2F2F7771260009A999 /* Build configuration list for PBXNativeTarget "MusicDiscoveryUITests" */ = {
			isa = XCConfigurationList;
			buildConfigurations = (
				D9E4DA302F7771260009A999 /* Debug */,
				D9E4DA312F7771260009A999 /* Release */,
			);
			defaultConfigurationIsVisible = 0;
			defaultConfigurationName = Release;
		};
/* End XCConfigurationList section */

/* Begin XCRemoteSwiftPackageReference section */
		D975DA712F80552200972F0F /* XCRemoteSwiftPackageReference "SwiftLintPlugins" */ = {
			isa = XCRemoteSwiftPackageReference;
			repositoryURL = "https://github.com/SimplyDanny/SwiftLintPlugins";
			requirement = {
				kind = upToNextMajorVersion;
				minimumVersion = 0.63.2;
			};
		};
		D975DA742F80878F00972F0F /* XCRemoteSwiftPackageReference "Kingfisher" */ = {
			isa = XCRemoteSwiftPackageReference;
			repositoryURL = "https://github.com/onevcat/Kingfisher";
			requirement = {
				kind = upToNextMajorVersion;
				minimumVersion = 8.8.1;
			};
		};
/* End XCRemoteSwiftPackageReference section */

/* Begin XCSwiftPackageProductDependency section */
		D975DA722F80554800972F0F /* SwiftLintBuildToolPlugin */ = {
			isa = XCSwiftPackageProductDependency;
			package = D975DA712F80552200972F0F /* XCRemoteSwiftPackageReference "SwiftLintPlugins" */;
			productName = "plugin:SwiftLintBuildToolPlugin";
		};
		D975DA752F80878F00972F0F /* Kingfisher */ = {
			isa = XCSwiftPackageProductDependency;
			package = D975DA742F80878F00972F0F /* XCRemoteSwiftPackageReference "Kingfisher" */;
			productName = Kingfisher;
		};
		D9E4DA422F7771270009A999 /* AppCore */ = {
			isa = XCSwiftPackageProductDependency;
			productName = AppCore;
		};
		D9E4DA432F7771270009A999 /* Models */ = {
			isa = XCSwiftPackageProductDependency;
			productName = Models;
		};
/* End XCSwiftPackageProductDependency section */
	};
	rootObject = D9E4D9FE2F7771250009A999 /* Project object */;
}
